
Microsoft Visual Studio Solution File, Format Version 12.00
# Visual Studio Version 17
VisualStudioVersion = 17.9.34723.18
MinimumVisualStudioVersion = 10.0.40219.1
Project("{8BC9CEB8-8B4A-11D0-8D11-00A0C91BC942}") = "GitTestProject", "GitTestProject.vcxproj", "{2793A836-33AE-44C1-9DDD-314BC2277F3E}"
EndProject
Global
	GlobalSection(SolutionConfigurationPlatforms) = preSolution
		Debug|x64 = Debug|x64
		Debug|x86 = Debug|x86
		Release|x64 = Release|x64
		Release|x86 = Release|x86
	EndGlobalSection
	GlobalSection(ProjectConfigurationPlatforms) = postSolution
		{2793A836-33AE-44C1-9DDD-314BC2277F3E}.Debug|x64.ActiveCfg = Debug|x64
		{2793A836-33AE-44C1-9DDD-314BC2277F3E}.Debug|x64.Build.0 = Debug|x64
		{2793A836-33AE-44C1-9DDD-314BC2277F3E}.Debug|x86.ActiveCfg = Debug|Win32
		{2793A836-33AE-44C1-9DDD-314BC2277F3E}.Debug|x86.Build.0 = Debug|Win32
		{2793A836-33AE-44C1-9DDD-314BC2277F3E}.Release|x64.ActiveCfg = Release|x64
		{2793A836-33AE-44C1-9DDD-314BC2277F3E}.Release|x64.Build.0 = Release|x64
		{2793A836-33AE-44C1-9DDD-314BC2277F3E}.Release|x86.ActiveCfg = Release|Win32
		{2793A836-33AE-44C1-9DDD-314BC2277F3E}.Release|x86.Build.0 = Release|Win32
	EndGlobalSection
	GlobalSection(SolutionProperties) = preSolution
		HideSolutionNode = FALSE
	EndGlobalSection
	GlobalSection(ExtensibilityGlobals) = postSolution
		SolutionGuid = {2250FC65-C434-4D5F-982A-4BC5FD3A57EA}
	EndGlobalSection
EndGlobal
